
Microsoft Visual Studio Solution File, Format Version 12.00
# Visual Studio Version 17
VisualStudioVersion = 17.10.35122.118
MinimumVisualStudioVersion = 10.0.40219.1
Project("{FAE04EC0-301F-11D3-BF4B-00C04F79EFBC}") = "BlazorWebApp", "BlazorWebApp\BlazorWebApp\BlazorWebApp.csproj", "{97BC2713-6FA5-4390-B7BE-CC702E3CE8F6}"
EndProject
Project("{FAE04EC0-301F-11D3-BF4B-00C04F79EFBC}") = "BlazorWebApp.Client", "BlazorWebApp\BlazorWebApp.Client\BlazorWebApp.Client.csproj", "{89991E57-7FBC-44F8-96DE-60F1768D8BA4}"
EndProject
Global
	GlobalSection(SolutionConfigurationPlatforms) = preSolution
		Debug|Any CPU = Debug|Any CPU
		Release|Any CPU = Release|Any CPU
	EndGlobalSection
	GlobalSection(ProjectConfigurationPlatforms) = postSolution
		{97BC2713-6FA5-4390-B7BE-CC702E3CE8F6}.Debug|Any CPU.ActiveCfg = Debug|Any CPU
		{97BC2713-6FA5-4390-B7BE-CC702E3CE8F6}.Debug|Any CPU.Build.0 = Debug|Any CPU
		{97BC2713-6FA5-4390-B7BE-CC702E3CE8F6}.Release|Any CPU.ActiveCfg = Release|Any CPU
		{97BC2713-6FA5-4390-B7BE-CC702E3CE8F6}.Release|Any CPU.Build.0 = Release|Any CPU
		{89991E57-7FBC-44F8-96DE-60F1768D8BA4}.Debug|Any CPU.ActiveCfg = Debug|Any CPU
		{89991E57-7FBC-44F8-96DE-60F1768D8BA4}.Debug|Any CPU.Build.0 = Debug|Any CPU
		{89991E57-7FBC-44F8-96DE-60F1768D8BA4}.Release|Any CPU.ActiveCfg = Release|Any CPU
		{89991E57-7FBC-44F8-96DE-60F1768D8BA4}.Release|Any CPU.Build.0 = Release|Any CPU
	EndGlobalSection
	GlobalSection(SolutionProperties) = preSolution
		HideSolutionNode = FALSE
	EndGlobalSection
	GlobalSection(ExtensibilityGlobals) = postSolution
		SolutionGuid = {9B910094-8145-426B-BD52-5102BA86A1B5}
	EndGlobalSection
EndGlobal
